
Microsoft Visual Studio Solution File, Format Version 12.00
# Visual Studio 15
VisualStudioVersion = 15.0.27130.2036
MinimumVisualStudioVersion = 10.0.40219.1
Project("{FAE04EC0-301F-11D3-BF4B-00C04F79EFBC}") = "Properties Tutorial", "Properties Tutorial\Properties Tutorial.csproj", "{014DBA47-DA30-4150-81D9-AEA3F1D31477}"
EndProject
Global
	GlobalSection(SolutionConfigurationPlatforms) = preSolution
		Debug|Any CPU = Debug|Any CPU
		Release|Any CPU = Release|Any CPU
	EndGlobalSection
	GlobalSection(ProjectConfigurationPlatforms) = postSolution
		{014DBA47-DA30-4150-81D9-AEA3F1D31477}.Debug|Any CPU.ActiveCfg = Debug|Any CPU
		{014DBA47-DA30-4150-81D9-AEA3F1D31477}.Debug|Any CPU.Build.0 = Debug|Any CPU
		{014DBA47-DA30-4150-81D9-AEA3F1D31477}.Release|Any CPU.ActiveCfg = Release|Any CPU
		{014DBA47-DA30-4150-81D9-AEA3F1D31477}.Release|Any CPU.Build.0 = Release|Any CPU
	EndGlobalSection
	GlobalSection(SolutionProperties) = preSolution
		HideSolutionNode = FALSE
	EndGlobalSection
	GlobalSection(ExtensibilityGlobals) = postSolution
		SolutionGuid = {F39AB6C9-5AB2-4486-A223-3447878D3D69}
	EndGlobalSection
EndGlobal
